<?xml version="1.0" encoding="UTF-8"?>
<Scheme
   LastUpgradeVersion = "1620"
   version = "1.7">
   <BuildAction
      parallelizeBuildables = "YES"
      buildImplicitDependencies = "YES">
      <PreActions>
         <ExecutionAction
            ActionType = "Xcode.IDEStandardExecutionActionsCore.ExecutionActionType.ShellScriptAction">
            <ActionContent
               title = "Run Script"
               scriptText = "# &#x41e;&#x43f;&#x440;&#x435;&#x434;&#x435;&#x43b;&#x44f;&#x435;&#x43c;, &#x43a;&#x430;&#x43a;&#x43e;&#x439; &#x444;&#x430;&#x439;&#x43b; &#x43e;&#x43a;&#x440;&#x443;&#x436;&#x435;&#x43d;&#x438;&#x44f; &#x438;&#x441;&#x43f;&#x43e;&#x43b;&#x44c;&#x437;&#x43e;&#x432;&#x430;&#x442;&#x44c; &#x432; &#x437;&#x430;&#x432;&#x438;&#x441;&#x438;&#x43c;&#x43e;&#x441;&#x442;&#x438; &#x43e;&#x442; &#x43a;&#x43e;&#x43d;&#x444;&#x438;&#x433;&#x443;&#x440;&#x430;&#x446;&#x438;&#x438;&#10;case &quot;$CONFIGURATION&quot; in&#10;  &quot;Debug&quot; | &quot;Debug-*&quot;)&#10;    ENV_FILE=&quot;${SRCROOT}/../.env.dev&quot;&#10;    ;;&#10;  &quot;Release&quot; | &quot;Release-*&quot;)&#10;    ENV_FILE=&quot;${SRCROOT}/../.env.prod&quot;&#10;    ;;&#10;  *)&#10;    ENV_FILE=&quot;${SRCROOT}/../.env&quot;&#10;    ;;&#10;esac&#10;&#10;# &#x41a;&#x43e;&#x43f;&#x438;&#x440;&#x443;&#x435;&#x43c; &#x432;&#x44b;&#x431;&#x440;&#x430;&#x43d;&#x43d;&#x44b;&#x439; &#x444;&#x430;&#x439;&#x43b; &#x432; .env&#10;if [ -f &quot;$ENV_FILE&quot; ]; then&#10;  cp &quot;$ENV_FILE&quot; &quot;${SRCROOT}/../.env&quot;&#10;else&#10;  echo &quot;warning: Environment file not found at $ENV_FILE&quot;&#10;fi&#10;&#10;# &#x417;&#x430;&#x43f;&#x443;&#x441;&#x43a;&#x430;&#x435;&#x43c; &#x441;&#x43a;&#x440;&#x438;&#x43f;&#x442; &#x433;&#x435;&#x43d;&#x435;&#x440;&#x430;&#x446;&#x438;&#x438; xcconfig &#x43e;&#x442; react-native-config&#10;&quot;${SRCROOT}/../node_modules/react-native-config/ios/ReactNativeConfig/BuildXCConfig.rb&quot; &quot;${SRCROOT}/..&quot; &quot;${SRCROOT}/tmp.xcconfig&quot;&#10;">
               <EnvironmentBuildable>
                  <BuildableReference
                     BuildableIdentifier = "primary"
                     BlueprintIdentifier = "13B07F861A680F5B00A75B9A"
                     BuildableName = "app.app"
                     BlueprintName = "app"
                     ReferencedContainer = "container:app.xcodeproj">
                  </BuildableReference>
               </EnvironmentBuildable>
            </ActionContent>
         </ExecutionAction>
      </PreActions>
      <BuildActionEntries>
         <BuildActionEntry
            buildForTesting = "YES"
            buildForRunning = "YES"
            buildForProfiling = "YES"
            buildForArchiving = "YES"
            buildForAnalyzing = "YES">
            <BuildableReference
               BuildableIdentifier = "primary"
               BlueprintIdentifier = "13B07F861A680F5B00A75B9A"
               BuildableName = "app.app"
               BlueprintName = "app"
               ReferencedContainer = "container:app.xcodeproj">
            </BuildableReference>
         </BuildActionEntry>
      </BuildActionEntries>
   </BuildAction>
   <TestAction
      buildConfiguration = "Debug"
      selectedDebuggerIdentifier = "Xcode.DebuggerFoundation.Debugger.LLDB"
      selectedLauncherIdentifier = "Xcode.DebuggerFoundation.Launcher.LLDB"
      shouldUseLaunchSchemeArgsEnv = "YES">
      <Testables>
         <TestableReference
            skipped = "NO">
            <BuildableReference
               BuildableIdentifier = "primary"
               BlueprintIdentifier = "00E356ED1AD99517003FC87E"
               BuildableName = "appTests.xctest"
               BlueprintName = "appTests"
               ReferencedContainer = "container:app.xcodeproj">
            </BuildableReference>
         </TestableReference>
      </Testables>
   </TestAction>
   <LaunchAction
      buildConfiguration = "Release"
      selectedDebuggerIdentifier = "Xcode.DebuggerFoundation.Debugger.LLDB"
      selectedLauncherIdentifier = "Xcode.DebuggerFoundation.Launcher.LLDB"
      launchStyle = "0"
      useCustomWorkingDirectory = "NO"
      ignoresPersistentStateOnLaunch = "NO"
      debugDocumentVersioning = "YES"
      debugServiceExtension = "internal"
      allowLocationSimulation = "YES">
      <BuildableProductRunnable
         runnableDebuggingMode = "0">
         <BuildableReference
            BuildableIdentifier = "primary"
            BlueprintIdentifier = "13B07F861A680F5B00A75B9A"
            BuildableName = "app.app"
            BlueprintName = "app"
            ReferencedContainer = "container:app.xcodeproj">
         </BuildableReference>
      </BuildableProductRunnable>
      <EnvironmentVariables>
         <EnvironmentVariable
            key = "WRITE_LOGS"
            value = "0"
            isEnabled = "YES">
         </EnvironmentVariable>
      </EnvironmentVariables>
   </LaunchAction>
   <ProfileAction
      buildConfiguration = "Release"
      shouldUseLaunchSchemeArgsEnv = "YES"
      savedToolIdentifier = ""
      useCustomWorkingDirectory = "NO"
      debugDocumentVersioning = "YES">
      <BuildableProductRunnable
         runnableDebuggingMode = "0">
         <BuildableReference
            BuildableIdentifier = "primary"
            BlueprintIdentifier = "13B07F861A680F5B00A75B9A"
            BuildableName = "app.app"
            BlueprintName = "app"
            ReferencedContainer = "container:app.xcodeproj">
         </BuildableReference>
      </BuildableProductRunnable>
   </ProfileAction>
   <AnalyzeAction
      buildConfiguration = "Debug">
   </AnalyzeAction>
   <ArchiveAction
      buildConfiguration = "Release"
      revealArchiveInOrganizer = "YES">
   </ArchiveAction>
</Scheme>
